{
  "pins" : [
    {
      "identity" : "foundationcompatkit",
      "kind" : "remoteSourceControl",
      "location" : "https://github.com/JWIMaster/FoundationCompatKit.git",
      "state" : {
        "branch" : "master",
        "revision" : "05522f9fb0e3345246d1f6abc4aa7ec590f3bbae"
      }
    },
    {
      "identity" : "gpuimage1swift",
      "kind" : "remoteSourceControl",
      "location" : "https://github.com/JWIMaster/GPUImage1Swift.git",
      "state" : {
        "branch" : "master",
        "revision" : "4a936d991f248bb18373aba4c326055b04f3e566"
      }
    },
    {
      "identity" : "modernsdkkit",
      "kind" : "remoteSourceControl",
      "location" : "https://github.com/JWIMaster/ModernSDKKit",
      "state" : {
        "branch" : "master",
        "revision" : "f28a5ef7eeb51fd9547635e152729e9fa3784430"
      }
    },
    {
      "identity" : "sfsymbolscompatkit",
      "kind" : "remoteSourceControl",
      "location" : "https://github.com/JWIMaster/SFSymbolsCompatKit.git",
      "state" : {
        "branch" : "master",
        "revision" : "601133a5716a241d733683a0f848e5bf366f693b"
      }
    },
    {
      "identity" : "tsmarkdownparser",
      "kind" : "remoteSourceControl",
      "location" : "https://github.com/JWIMaster/TSMarkdownParser.git",
      "state" : {
        "branch" : "master",
        "revision" : "9eb0b5156cf56ca800cb650e413bb6ad31b8bfe0"
      }
    },
    {
      "identity" : "uikitcompatkit",
      "kind" : "remoteSourceControl",
      "location" : "https://github.com/JWIMaster/UIKitCompatKit.git",
      "state" : {
        "branch" : "master",
        "revision" : "f50da2ab946079d9d31856b756349626ddd9da51"
      }
    },
    {
      "identity" : "uikitextensions",
      "kind" : "remoteSourceControl",
      "location" : "https://github.com/JWIMaster/UIKitExtensions.git",
      "state" : {
        "branch" : "master",
        "revision" : "b72a641f2ae10f775c04431f255a9d8920aaa1e2"
      }
    }
  ],
  "version" : 2
}
