{
  "pins" : [
    {
      "identity" : "foundationcompatkit",
      "kind" : "remoteSourceControl",
      "location" : "https://github.com/JWIMaster/FoundationCompatKit.git",
      "state" : {
        "branch" : "master",
        "revision" : "507fcba6c708314b98e5fd7a0d5c7ff2813bc073"
      }
    },
    {
      "identity" : "gpuimage1swift",
      "kind" : "remoteSourceControl",
      "location" : "https://github.com/JWIMaster/GPUImage1Swift.git",
      "state" : {
        "branch" : "master",
        "revision" : "4a936d991f248bb18373aba4c326055b04f3e566"
      }
    },
    {
      "identity" : "modernsdkkit",
      "kind" : "remoteSourceControl",
      "location" : "https://github.com/JWIMaster/ModernSDKKit",
      "state" : {
        "branch" : "master",
        "revision" : "f28a5ef7eeb51fd9547635e152729e9fa3784430"
      }
    },
    {
      "identity" : "sfsymbolscompatkit",
      "kind" : "remoteSourceControl",
      "location" : "https://github.com/JWIMaster/SFSymbolsCompatKit.git",
      "state" : {
        "branch" : "master",
        "revision" : "601133a5716a241d733683a0f848e5bf366f693b"
      }
    },
    {
      "identity" : "uikitcompatkit",
      "kind" : "remoteSourceControl",
      "location" : "https://github.com/JWIMaster/UIKitCompatKit.git",
      "state" : {
        "branch" : "master",
        "revision" : "c0c93275cd8cac69213a13173a7642c6f14ac5ee"
      }
    },
    {
      "identity" : "uikitextensions",
      "kind" : "remoteSourceControl",
      "location" : "https://github.com/JWIMaster/UIKitExtensions.git",
      "state" : {
        "branch" : "master",
        "revision" : "3a6e065274e5f00a56e7d18d83c89a8354dc5599"
      }
    }
  ],
  "version" : 2
}
